// !$*UTF8*$!
{
	archiveVersion = 1;
	classes = {
	};
	objectVersion = 46;
	objects = {

/* Begin PBXBuildFile section */
		BC26135F1D62D0CF003C5081 /* AppDelegate.swift in Sources */ = {isa = PBXBuildFile; fileRef = BC26135E1D62D0CF003C5081 /* AppDelegate.swift */; };
		BC2613611D62D0CF003C5081 /* ViewController.swift in Sources */ = {isa = PBXBuildFile; fileRef = BC2613601D62D0CF003C5081 /* ViewController.swift */; };
		BC2613641D62D0CF003C5081 /* Main.storyboard in Resources */ = {isa = PBXBuildFile; fileRef = BC2613621D62D0CF003C5081 /* Main.storyboard */; };
		BC2613661D62D0CF003C5081 /* Assets.xcassets in Resources */ = {isa = PBXBuildFile; fileRef = BC2613651D62D0CF003C5081 /* Assets.xcassets */; };
		BC2613691D62D0CF003C5081 /* LaunchScreen.storyboard in Resources */ = {isa = PBXBuildFile; fileRef = BC2613671D62D0CF003C5081 /* LaunchScreen.storyboard */; };
/* End PBXBuildFile section */

/* Begin PBXFileReference section */
		BC26135B1D62D0CF003C5081 /* MySearchApp.app */ = {isa = PBXFileReference; explicitFileType = wrapper.application; includeInIndex = 0; path = MySearchApp.app; sourceTree = BUILT_PRODUCTS_DIR; };
		BC26135E1D62D0CF003C5081 /* AppDelegate.swift */ = {isa = PBXFileReference; lastKnownFileType = sourcecode.swift; path = AppDelegate.swift; sourceTree = "<group>"; };
		BC2613601D62D0CF003C5081 /* ViewController.swift */ = {isa = PBXFileReference; lastKnownFileType = sourcecode.swift; path = ViewController.swift; sourceTree = "<group>"; };
		BC2613631D62D0CF003C5081 /* Base */ = {isa = PBXFileReference; lastKnownFileType = file.storyboard; name = Base; path = Base.lproj/Main.storyboard; sourceTree = "<group>"; };
		BC2613651D62D0CF003C5081 /* Assets.xcassets */ = {isa = PBXFileReference; lastKnownFileType = folder.assetcatalog; path = Assets.xcassets; sourceTree = "<group>"; };
		BC2613681D62D0CF003C5081 /* Base */ = {isa = PBXFileReference; lastKnownFileType = file.storyboard; name = Base; path = Base.lproj/LaunchScreen.storyboard; sourceTree = "<group>"; };
		BC26136A1D62D0CF003C5081 /* Info.plist */ = {isa = PBXFileReference; lastKnownFileType = text.plist.xml; path = Info.plist; sourceTree = "<group>"; };
/* End PBXFileReference section */

/* Begin PBXFrameworksBuildPhase section */
		BC2613581D62D0CF003C5081 /* Frameworks */ = {
			isa = PBXFrameworksBuildPhase;
			buildActionMask = 2147483647;
			files = (
			);
			runOnlyForDeploymentPostprocessing = 0;
		};
/* End PBXFrameworksBuildPhase section */

/* Begin PBXGroup section */
		BC2613521D62D0CF003C5081 = {
			isa = PBXGroup;
			children = (
				BC26135D1D62D0CF003C5081 /* MySearchApp */,
				BC26135C1D62D0CF003C5081 /* Products */,
			);
			sourceTree = "<group>";
		};
		BC26135C1D62D0CF003C5081 /* Products */ = {
			isa = PBXGroup;
			children = (
				BC26135B1D62D0CF003C5081 /* MySearchApp.app */,
			);
			name = Products;
			sourceTree = "<group>";
		};
		BC26135D1D62D0CF003C5081 /* MySearchApp */ = {
			isa = PBXGroup;
			children = (
				BC26135E1D62D0CF003C5081 /* AppDelegate.swift */,
				BC2613601D62D0CF003C5081 /* ViewController.swift */,
				BC2613621D62D0CF003C5081 /* Main.storyboard */,
				BC2613651D62D0CF003C5081 /* Assets.xcassets */,
				BC2613671D62D0CF003C5081 /* LaunchScreen.storyboard */,
				BC26136A1D62D0CF003C5081 /* Info.plist */,
			);
			path = MySearchApp;
			sourceTree = "<group>";
		};
/* End PBXGroup section */

/* Begin PBXNativeTarget section */
		BC26135A1D62D0CF003C5081 /* MySearchApp */ = {
			isa = PBXNativeTarget;
			buildConfigurationList = BC26136D1D62D0CF003C5081 /* Build configuration list for PBXNativeTarget "MySearchApp" */;
			buildPhases = (
				BC2613571D62D0CF003C5081 /* Sources */,
				BC2613581D62D0CF003C5081 /* Frameworks */,
				BC2613591D62D0CF003C5081 /* Resources */,
			);
			buildRules = (
			);
			dependencies = (
			);
			name = MySearchApp;
			productName = MySearchApp;
			productReference = BC26135B1D62D0CF003C5081 /* MySearchApp.app */;
			productType = "com.apple.product-type.application";
		};
/* End PBXNativeTarget section */

/* Begin PBXProject section */
		BC2613531D62D0CF003C5081 /* Project object */ = {
			isa = PBXProject;
			attributes = {
				LastSwiftUpdateCheck = 0730;
				LastUpgradeCheck = 0730;
				ORGANIZATIONNAME = "稲垣悠一";
				TargetAttributes = {
					BC26135A1D62D0CF003C5081 = {
						CreatedOnToolsVersion = 7.3.1;
					};
				};
			};
			buildConfigurationList = BC2613561D62D0CF003C5081 /* Build configuration list for PBXProject "MySearchApp" */;
			compatibilityVersion = "Xcode 3.2";
			developmentRegion = English;
			hasScannedForEncodings = 0;
			knownRegions = (
				en,
				Base,
			);
			mainGroup = BC2613521D62D0CF003C5081;
			productRefGroup = BC26135C1D62D0CF003C5081 /* Products */;
			projectDirPath = "";
			projectRoot = "";
			targets = (
				BC26135A1D62D0CF003C5081 /* MySearchApp */,
			);
		};
/* End PBXProject section */

/* Begin PBXResourcesBuildPhase section */
		BC2613591D62D0CF003C5081 /* Resources */ = {
			isa = PBXResourcesBuildPhase;
			buildActionMask = 2147483647;
			files = (
				BC2613691D62D0CF003C5081 /* LaunchScreen.storyboard in Resources */,
				BC2613661D62D0CF003C5081 /* Assets.xcassets in Resources */,
				BC2613641D62D0CF003C5081 /* Main.storyboard in Resources */,
			);
			runOnlyForDeploymentPostprocessing = 0;
		};
/* End PBXResourcesBuildPhase section */

/* Begin PBXSourcesBuildPhase section */
		BC2613571D62D0CF003C5081 /* Sources */ = {
			isa = PBXSourcesBuildPhase;
			buildActionMask = 2147483647;
			files = (
				BC2613611D62D0CF003C5081 /* ViewController.swift in Sources */,
				BC26135F1D62D0CF003C5081 /* AppDelegate.swift in Sources */,
			);
			runOnlyForDeploymentPostprocessing = 0;
		};
/* End PBXSourcesBuildPhase section */

/* Begin PBXVariantGroup section */
		BC2613621D62D0CF003C5081 /* Main.storyboard */ = {
			isa = PBXVariantGroup;
			children = (
				BC2613631D62D0CF003C5081 /* Base */,
			);
			name = Main.storyboard;
			sourceTree = "<group>";
		};
		BC2613671D62D0CF003C5081 /* LaunchScreen.storyboard */ = {
			isa = PBXVariantGroup;
			children = (
				BC2613681D62D0CF003C5081 /* Base */,
			);
			name = LaunchScreen.storyboard;
			sourceTree = "<group>";
		};
/* End PBXVariantGroup section */

/* Begin XCBuildConfiguration section */
		BC26136B1D62D0CF003C5081 /* Debug */ = {
			isa = XCBuildConfiguration;
			buildSettings = {
				ALWAYS_SEARCH_USER_PATHS = NO;
				CLANG_ANALYZER_NONNULL = YES;
				CLANG_CXX_LANGUAGE_STANDARD = "gnu++0x";
				CLANG_CXX_LIBRARY = "libc++";
				CLANG_ENABLE_MODULES = YES;
				CLANG_ENABLE_OBJC_ARC = YES;
				CLANG_WARN_BOOL_CONVERSION = YES;
				CLANG_WARN_CONSTANT_CONVERSION = YES;
				CLANG_WARN_DIRECT_OBJC_ISA_USAGE = YES_ERROR;
				CLANG_WARN_EMPTY_BODY = YES;
				CLANG_WARN_ENUM_CONVERSION = YES;
				CLANG_WARN_INT_CONVERSION = YES;
				CLANG_WARN_OBJC_ROOT_CLASS = YES_ERROR;
				CLANG_WARN_UNREACHABLE_CODE = YES;
				CLANG_WARN__DUPLICATE_METHOD_MATCH = YES;
				"CODE_SIGN_IDENTITY[sdk=iphoneos*]" = "iPhone Developer";
				COPY_PHASE_STRIP = NO;
				DEBUG_INFORMATION_FORMAT = dwarf;
				ENABLE_STRICT_OBJC_MSGSEND = YES;
				ENABLE_TESTABILITY = YES;
				GCC_C_LANGUAGE_STANDARD = gnu99;
				GCC_DYNAMIC_NO_PIC = NO;
				GCC_NO_COMMON_BLOCKS = YES;
				GCC_OPTIMIZATION_LEVEL = 0;
				GCC_PREPROCESSOR_DEFINITIONS = (
					"DEBUG=1",
					"$(inherited)",
				);
				GCC_WARN_64_TO_32_BIT_CONVERSION = YES;
				GCC_WARN_ABOUT_RETURN_TYPE = YES_ERROR;
				GCC_WARN_UNDECLARED_SELECTOR = YES;
				GCC_WARN_UNINITIALIZED_AUTOS = YES_AGGRESSIVE;
				GCC_WARN_UNUSED_FUNCTION = YES;
				GCC_WARN_UNUSED_VARIABLE = YES;
				IPHONEOS_DEPLOYMENT_TARGET = 9.3;
				MTL_ENABLE_DEBUG_INFO = YES;
				ONLY_ACTIVE_ARCH = YES;
				SDKROOT = iphoneos;
				SWIFT_OPTIMIZATION_LEVEL = "-Onone";
			};
			name = Debug;
		};
		BC26136C1D62D0CF003C5081 /* Release */ = {
			isa = XCBuildConfiguration;
			buildSettings = {
				ALWAYS_SEARCH_USER_PATHS = NO;
				CLANG_ANALYZER_NONNULL = YES;
				CLANG_CXX_LANGUAGE_STANDARD = "gnu++0x";
				CLANG_CXX_LIBRARY = "libc++";
				CLANG_ENABLE_MODULES = YES;
				CLANG_ENABLE_OBJC_ARC = YES;
				CLANG_WARN_BOOL_CONVERSION = YES;
				CLANG_WARN_CONSTANT_CONVERSION = YES;
				CLANG_WARN_DIRECT_OBJC_ISA_USAGE = YES_ERROR;
				CLANG_WARN_EMPTY_BODY = YES;
				CLANG_WARN_ENUM_CONVERSION = YES;
				CLANG_WARN_INT_CONVERSION = YES;
				CLANG_WARN_OBJC_ROOT_CLASS = YES_ERROR;
				CLANG_WARN_UNREACHABLE_CODE = YES;
				CLANG_WARN__DUPLICATE_METHOD_MATCH = YES;
				"CODE_SIGN_IDENTITY[sdk=iphoneos*]" = "iPhone Developer";
				COPY_PHASE_STRIP = NO;
				DEBUG_INFORMATION_FORMAT = "dwarf-with-dsym";
				ENABLE_NS_ASSERTIONS = NO;
				ENABLE_STRICT_OBJC_MSGSEND = YES;
				GCC_C_LANGUAGE_STANDARD = gnu99;
				GCC_NO_COMMON_BLOCKS = YES;
				GCC_WARN_64_TO_32_BIT_CONVERSION = YES;
				GCC_WARN_ABOUT_RETURN_TYPE = YES_ERROR;
				GCC_WARN_UNDECLARED_SELECTOR = YES;
				GCC_WARN_UNINITIALIZED_AUTOS = YES_AGGRESSIVE;
				GCC_WARN_UNUSED_FUNCTION = YES;
				GCC_WARN_UNUSED_VARIABLE = YES;
				IPHONEOS_DEPLOYMENT_TARGET = 9.3;
				MTL_ENABLE_DEBUG_INFO = NO;
				SDKROOT = iphoneos;
				VALIDATE_PRODUCT = YES;
			};
			name = Release;
		};
		BC26136E1D62D0CF003C5081 /* Debug */ = {
			isa = XCBuildConfiguration;
			buildSettings = {
				ASSETCATALOG_COMPILER_APPICON_NAME = AppIcon;
				INFOPLIST_FILE = MySearchApp/Info.plist;
				LD_RUNPATH_SEARCH_PATHS = "$(inherited) @executable_path/Frameworks";
				PRODUCT_BUNDLE_IDENTIFIER = com.inagaki.MySearchApp;
				PRODUCT_NAME = "$(TARGET_NAME)";
			};
			name = Debug;
		};
		BC26136F1D62D0CF003C5081 /* Release */ = {
			isa = XCBuildConfiguration;
			buildSettings = {
				ASSETCATALOG_COMPILER_APPICON_NAME = AppIcon;
				INFOPLIST_FILE = MySearchApp/Info.plist;
				LD_RUNPATH_SEARCH_PATHS = "$(inherited) @executable_path/Frameworks";
				PRODUCT_BUNDLE_IDENTIFIER = com.inagaki.MySearchApp;
				PRODUCT_NAME = "$(TARGET_NAME)";
			};
			name = Release;
		};
/* End XCBuildConfiguration section */

/* Begin XCConfigurationList section */
		BC2613561D62D0CF003C5081 /* Build configuration list for PBXProject "MySearchApp" */ = {
			isa = XCConfigurationList;
			buildConfigurations = (
				BC26136B1D62D0CF003C5081 /* Debug */,
				BC26136C1D62D0CF003C5081 /* Release */,
			);
			defaultConfigurationIsVisible = 0;
			defaultConfigurationName = Release;
		};
		BC26136D1D62D0CF003C5081 /* Build configuration list for PBXNativeTarget "MySearchApp" */ = {
			isa = XCConfigurationList;
			buildConfigurations = (
				BC26136E1D62D0CF003C5081 /* Debug */,
				BC26136F1D62D0CF003C5081 /* Release */,
			);
			defaultConfigurationIsVisible = 0;
		};
/* End XCConfigurationList section */
	};
	rootObject = BC2613531D62D0CF003C5081 /* Project object */;
}
